
Microsoft Visual Studio Solution File, Format Version 12.00
# Visual Studio Version 17
VisualStudioVersion = 17.4.33122.133
MinimumVisualStudioVersion = 10.0.40219.1
Project("{FAE04EC0-301F-11D3-BF4B-00C04F79EFBC}") = "FoodierAPI", "FoodierAPI\FoodierAPI.csproj", "{7D203698-A497-45EC-B86B-9BB5A91DE077}"
EndProject
Global
	GlobalSection(SolutionConfigurationPlatforms) = preSolution
		Debug|Any CPU = Debug|Any CPU
		Release|Any CPU = Release|Any CPU
	EndGlobalSection
	GlobalSection(ProjectConfigurationPlatforms) = postSolution
		{7D203698-A497-45EC-B86B-9BB5A91DE077}.Debug|Any CPU.ActiveCfg = Debug|Any CPU
		{7D203698-A497-45EC-B86B-9BB5A91DE077}.Debug|Any CPU.Build.0 = Debug|Any CPU
		{7D203698-A497-45EC-B86B-9BB5A91DE077}.Release|Any CPU.ActiveCfg = Release|Any CPU
		{7D203698-A497-45EC-B86B-9BB5A91DE077}.Release|Any CPU.Build.0 = Release|Any CPU
	EndGlobalSection
	GlobalSection(SolutionProperties) = preSolution
		HideSolutionNode = FALSE
	EndGlobalSection
	GlobalSection(ExtensibilityGlobals) = postSolution
		SolutionGuid = {ED457FE8-EE48-4446-BE57-B8EBCE9ED3B9}
	EndGlobalSection
EndGlobal
